
Microsoft Visual Studio Solution File, Format Version 12.00
# Visual Studio Version 17
VisualStudioVersion = 17.14.36414.22 d17.14
MinimumVisualStudioVersion = 10.0.40219.1
Project("{FAE04EC0-301F-11D3-BF4B-00C04F79EFBC}") = "FormsExample", "FormsExample\FormsExample.csproj", "{1D986FEE-3254-45E1-9D9C-2AB280DFF59E}"
EndProject
Global
	GlobalSection(SolutionConfigurationPlatforms) = preSolution
		Debug|Any CPU = Debug|Any CPU
		Release|Any CPU = Release|Any CPU
	EndGlobalSection
	GlobalSection(ProjectConfigurationPlatforms) = postSolution
		{1D986FEE-3254-45E1-9D9C-2AB280DFF59E}.Debug|Any CPU.ActiveCfg = Debug|Any CPU
		{1D986FEE-3254-45E1-9D9C-2AB280DFF59E}.Debug|Any CPU.Build.0 = Debug|Any CPU
		{1D986FEE-3254-45E1-9D9C-2AB280DFF59E}.Release|Any CPU.ActiveCfg = Release|Any CPU
		{1D986FEE-3254-45E1-9D9C-2AB280DFF59E}.Release|Any CPU.Build.0 = Release|Any CPU
	EndGlobalSection
	GlobalSection(SolutionProperties) = preSolution
		HideSolutionNode = FALSE
	EndGlobalSection
	GlobalSection(ExtensibilityGlobals) = postSolution
		SolutionGuid = {11C83777-C2DE-4CE6-87BE-E5E00D480251}
	EndGlobalSection
EndGlobal
