
Microsoft Visual Studio Solution File, Format Version 12.00
# Visual Studio Version 17
VisualStudioVersion = 17.14.36414.22 d17.14
MinimumVisualStudioVersion = 10.0.40219.1
Project("{FAE04EC0-301F-11D3-BF4B-00C04F79EFBC}") = "ValidationExample", "ValidationExample\ValidationExample.csproj", "{812DE899-F987-4CF6-8596-31406CF964B6}"
EndProject
Global
	GlobalSection(SolutionConfigurationPlatforms) = preSolution
		Debug|Any CPU = Debug|Any CPU
		Release|Any CPU = Release|Any CPU
	EndGlobalSection
	GlobalSection(ProjectConfigurationPlatforms) = postSolution
		{812DE899-F987-4CF6-8596-31406CF964B6}.Debug|Any CPU.ActiveCfg = Debug|Any CPU
		{812DE899-F987-4CF6-8596-31406CF964B6}.Debug|Any CPU.Build.0 = Debug|Any CPU
		{812DE899-F987-4CF6-8596-31406CF964B6}.Release|Any CPU.ActiveCfg = Release|Any CPU
		{812DE899-F987-4CF6-8596-31406CF964B6}.Release|Any CPU.Build.0 = Release|Any CPU
	EndGlobalSection
	GlobalSection(SolutionProperties) = preSolution
		HideSolutionNode = FALSE
	EndGlobalSection
	GlobalSection(ExtensibilityGlobals) = postSolution
		SolutionGuid = {00D84EB2-6F8B-4645-8B7C-37F1D0AAEA65}
	EndGlobalSection
EndGlobal
